{
  "nodes": {
    "firefox-nightly": {
      "locked": {
        "narHash": "sha256-sroCK+QJTmoXtcRkwZyKOP9iAYOPID2Bwdxn4GkG16w=",
        "type": "tarball",
        "url": "https://github.com/mozilla/nixpkgs-mozilla/archive/master.tar.gz"
      },
      "original": {
        "type": "tarball",
        "url": "https://github.com/mozilla/nixpkgs-mozilla/archive/master.tar.gz"
      }
    },
    "home-manager": {
      "inputs": {
        "nixpkgs": [
          "nixpkgs"
        ]
      },
      "locked": {
        "lastModified": 1651519540,
        "narHash": "sha256-3k6p8VsTwwRPQjE8rrMh+o2AZACZn/eeYJ7ivdQ/Iro=",
        "owner": "nix-community",
        "repo": "home-manager",
        "rev": "d93d56ab8c1c6aa575854a79b9d2f69d491db7d0",
        "type": "github"
      },
      "original": {
        "owner": "nix-community",
        "ref": "release-21.11",
        "repo": "home-manager",
        "type": "github"
      }
    },
    "latest": {
      "locked": {
        "lastModified": 1651726670,
        "narHash": "sha256-dSGdzB49SEvdOJvrQWfQYkAefewXraHIV08Vz6iDXWQ=",
        "owner": "nixos",
        "repo": "nixpkgs",
        "rev": "c777cdf5c564015d5f63b09cc93bef4178b19b01",
        "type": "github"
      },
      "original": {
        "owner": "nixos",
        "ref": "nixos-unstable",
        "repo": "nixpkgs",
        "type": "github"
      }
    },
    "nixpkgs": {
      "locked": {
        "lastModified": 1651865313,
        "narHash": "sha256-fLnmcBaVpJukNIzXZETxtJKLSSTf4LnBCWa/DwyGJBU=",
        "owner": "nixos",
        "repo": "nixpkgs",
        "rev": "ad667404474314806d8071eec4c8ec0db95c17e4",
        "type": "github"
      },
      "original": {
        "owner": "nixos",
        "ref": "nixos-21.11",
        "repo": "nixpkgs",
        "type": "github"
      }
    },
    "nur": {
      "locked": {
        "narHash": "sha256-34INXwR19K2zvUTIJSnoyKoH2BRjycyIqxqhyfzLhaI=",
        "type": "tarball",
        "url": "https://github.com/nix-community/NUR/archive/master.tar.gz"
      },
      "original": {
        "type": "tarball",
        "url": "https://github.com/nix-community/NUR/archive/master.tar.gz"
      }
    },
    "root": {
      "inputs": {
        "firefox-nightly": "firefox-nightly",
        "home-manager": "home-manager",
        "latest": "latest",
        "nixpkgs": "nixpkgs",
        "nur": "nur",
        "user-secrets": "user-secrets"
      }
    },
    "user-secrets": {
      "flake": false,
      "locked": {
        "narHash": "sha256-pQpattmS9VmO3ZIQUFn66az8GSmB4IvYhTTCFn6SUmo=",
        "path": "/var/lib/secrets/users/aaron",
        "type": "path"
      },
      "original": {
        "path": "/var/lib/secrets/users/aaron",
        "type": "path"
      }
    }
  },
  "root": "root",
  "version": 7
}
