{
  "nodes": {
    "cachix": {
      "locked": {
        "lastModified": 1635350005,
        "narHash": "sha256-tAMJnUwfaDEB2aa31jGcu7R7bzGELM9noc91L2PbVjg=",
        "owner": "nixos",
        "repo": "nixpkgs",
        "rev": "1c1f5649bb9c1b0d98637c8c365228f57126f361",
        "type": "github"
      },
      "original": {
        "owner": "nixos",
        "ref": "nixos-20.09",
        "repo": "nixpkgs",
        "type": "github"
      }
    },
    "firefox-nightly": {
      "inputs": {
        "cachix": "cachix",
        "mozilla": "mozilla",
        "nixpkgs": "nixpkgs"
      },
      "locked": {
        "lastModified": 1652023103,
        "narHash": "sha256-mN0PVlPsdYhJ5+Ts9oY+7ntsBakjrzYRhnFJGm5EWYE=",
        "owner": "colemickens",
        "repo": "flake-firefox-nightly",
        "rev": "bb1bbdd3e85347a0994e0b923549216c6e677ea0",
        "type": "github"
      },
      "original": {
        "owner": "colemickens",
        "repo": "flake-firefox-nightly",
        "type": "github"
      }
    },
    "home-manager": {
      "inputs": {
        "nixpkgs": [
          "nixpkgs"
        ]
      },
      "locked": {
        "lastModified": 1651519540,
        "narHash": "sha256-3k6p8VsTwwRPQjE8rrMh+o2AZACZn/eeYJ7ivdQ/Iro=",
        "owner": "nix-community",
        "repo": "home-manager",
        "rev": "d93d56ab8c1c6aa575854a79b9d2f69d491db7d0",
        "type": "github"
      },
      "original": {
        "owner": "nix-community",
        "ref": "release-21.11",
        "repo": "home-manager",
        "type": "github"
      }
    },
    "homeage": {
      "inputs": {
        "nixpkgs": [
          "nixpkgs"
        ]
      },
      "locked": {
        "lastModified": 1636425441,
        "narHash": "sha256-7c/5YCNk+KB+sg7UE5mhmOYc3DRc9aa6L2EdFzfN2YM=",
        "owner": "jordanisaacs",
        "repo": "homeage",
        "rev": "0388d8c73829c425db9db0772d7bb0d440970f09",
        "type": "github"
      },
      "original": {
        "owner": "jordanisaacs",
        "repo": "homeage",
        "type": "github"
      }
    },
    "latest": {
      "locked": {
        "lastModified": 1652467128,
        "narHash": "sha256-1wuQ7QgPQ3tugYcoVMJ3pUzl4wVdBzKZr9qtJAgA4VI=",
        "owner": "nixos",
        "repo": "nixpkgs",
        "rev": "fb222e008681fce4608e94f2d1dfdf3d03a364c4",
        "type": "github"
      },
      "original": {
        "owner": "nixos",
        "ref": "nixos-unstable",
        "repo": "nixpkgs",
        "type": "github"
      }
    },
    "mozilla": {
      "flake": false,
      "locked": {
        "lastModified": 1651008893,
        "narHash": "sha256-N6xPE/wNynlKhDSGxvYKkX9PJFsENIXR/RMVc9NzILU=",
        "owner": "colemickens",
        "repo": "nixpkgs-mozilla",
        "rev": "dac859ea535d8abcd2146346d1dca1ee8fc50210",
        "type": "github"
      },
      "original": {
        "owner": "colemickens",
        "repo": "nixpkgs-mozilla",
        "type": "github"
      }
    },
    "nixpkgs": {
      "locked": {
        "lastModified": 1651726670,
        "narHash": "sha256-dSGdzB49SEvdOJvrQWfQYkAefewXraHIV08Vz6iDXWQ=",
        "owner": "nixos",
        "repo": "nixpkgs",
        "rev": "c777cdf5c564015d5f63b09cc93bef4178b19b01",
        "type": "github"
      },
      "original": {
        "owner": "nixos",
        "ref": "nixos-unstable",
        "repo": "nixpkgs",
        "type": "github"
      }
    },
    "nixpkgs_2": {
      "locked": {
        "lastModified": 1651865313,
        "narHash": "sha256-fLnmcBaVpJukNIzXZETxtJKLSSTf4LnBCWa/DwyGJBU=",
        "owner": "nixos",
        "repo": "nixpkgs",
        "rev": "ad667404474314806d8071eec4c8ec0db95c17e4",
        "type": "github"
      },
      "original": {
        "owner": "nixos",
        "ref": "nixos-21.11",
        "repo": "nixpkgs",
        "type": "github"
      }
    },
    "nur": {
      "locked": {
        "lastModified": 1652034323,
        "narHash": "sha256-gcdkE+h9Ib/CRV7PKj+GjiRBLskO+Cn61ldH4rD9/sg=",
        "owner": "nix-community",
        "repo": "NUR",
        "rev": "8bbefa7e35a8685ef0a7d759ea7da47d6969b991",
        "type": "github"
      },
      "original": {
        "owner": "nix-community",
        "repo": "NUR",
        "type": "github"
      }
    },
    "root": {
      "inputs": {
        "firefox-nightly": "firefox-nightly",
        "home-manager": "home-manager",
        "homeage": "homeage",
        "latest": "latest",
        "nixpkgs": "nixpkgs_2",
        "nur": "nur",
        "secrets": "secrets"
      }
    },
    "secrets": {
      "flake": false,
      "locked": {
        "lastModified": 1653928732,
        "narHash": "sha256-V24oEyI6AGkV+nORJBODMJ9Mf0NAB24C3jrsTcVA1Vo=",
        "ref": "master",
        "rev": "8c90ad512a8717f31408244a88cf99b39b3fca96",
        "revCount": 5,
        "type": "git",
        "url": "ssh://git@sea.brod.es/~/secrets"
      },
      "original": {
        "type": "git",
        "url": "ssh://git@sea.brod.es/~/secrets"
      }
    }
  },
  "root": "root",
  "version": 7
}
